
Microsoft Visual Studio Solution File, Format Version 12.00
# Visual Studio Version 16
VisualStudioVersion = 16.0.29905.134
MinimumVisualStudioVersion = 10.0.40219.1
Project("{9A19103F-16F7-4668-BE54-9A1E7A4F7556}") = "通用数据库模块", "通用数据库模块\通用数据库模块.csproj", "{B695A10F-C5CB-4EBE-B122-DE1AA891E26F}"
EndProject
Project("{9A19103F-16F7-4668-BE54-9A1E7A4F7556}") = "通用工具模块", "..\..\通用工具模块\通用工具模块\通用工具模块.csproj", "{C59CB81D-F1B9-4B31-A37C-1C9D876620B5}"
EndProject
Project("{9A19103F-16F7-4668-BE54-9A1E7A4F7556}") = "通用数据模块", "..\通用数据模块\通用数据模块\通用数据模块.csproj", "{F92639CF-D223-4893-94B0-22F9C860E856}"
EndProject
Project("{9A19103F-16F7-4668-BE54-9A1E7A4F7556}") = "编译和表达式树模块", "..\..\关于编译和表达式树\编译和表达式树模块\编译和表达式树模块\编译和表达式树模块.csproj", "{401E66B1-2CA8-4C22-841A-A0C88670D5DE}"
EndProject
Global
	GlobalSection(SolutionConfigurationPlatforms) = preSolution
		Debug|Any CPU = Debug|Any CPU
		Release|Any CPU = Release|Any CPU
	EndGlobalSection
	GlobalSection(ProjectConfigurationPlatforms) = postSolution
		{B695A10F-C5CB-4EBE-B122-DE1AA891E26F}.Debug|Any CPU.ActiveCfg = Debug|Any CPU
		{B695A10F-C5CB-4EBE-B122-DE1AA891E26F}.Debug|Any CPU.Build.0 = Debug|Any CPU
		{B695A10F-C5CB-4EBE-B122-DE1AA891E26F}.Release|Any CPU.ActiveCfg = Release|Any CPU
		{B695A10F-C5CB-4EBE-B122-DE1AA891E26F}.Release|Any CPU.Build.0 = Release|Any CPU
		{C59CB81D-F1B9-4B31-A37C-1C9D876620B5}.Debug|Any CPU.ActiveCfg = Debug|Any CPU
		{C59CB81D-F1B9-4B31-A37C-1C9D876620B5}.Debug|Any CPU.Build.0 = Debug|Any CPU
		{C59CB81D-F1B9-4B31-A37C-1C9D876620B5}.Release|Any CPU.ActiveCfg = Release|Any CPU
		{C59CB81D-F1B9-4B31-A37C-1C9D876620B5}.Release|Any CPU.Build.0 = Release|Any CPU
		{F92639CF-D223-4893-94B0-22F9C860E856}.Debug|Any CPU.ActiveCfg = Debug|Any CPU
		{F92639CF-D223-4893-94B0-22F9C860E856}.Debug|Any CPU.Build.0 = Debug|Any CPU
		{F92639CF-D223-4893-94B0-22F9C860E856}.Release|Any CPU.ActiveCfg = Release|Any CPU
		{F92639CF-D223-4893-94B0-22F9C860E856}.Release|Any CPU.Build.0 = Release|Any CPU
		{401E66B1-2CA8-4C22-841A-A0C88670D5DE}.Debug|Any CPU.ActiveCfg = Debug|Any CPU
		{401E66B1-2CA8-4C22-841A-A0C88670D5DE}.Debug|Any CPU.Build.0 = Debug|Any CPU
		{401E66B1-2CA8-4C22-841A-A0C88670D5DE}.Release|Any CPU.ActiveCfg = Release|Any CPU
		{401E66B1-2CA8-4C22-841A-A0C88670D5DE}.Release|Any CPU.Build.0 = Release|Any CPU
	EndGlobalSection
	GlobalSection(SolutionProperties) = preSolution
		HideSolutionNode = FALSE
	EndGlobalSection
	GlobalSection(ExtensibilityGlobals) = postSolution
		SolutionGuid = {9CF948F9-8AE7-4676-A153-6A40601F3B5C}
	EndGlobalSection
EndGlobal
