
Microsoft Visual Studio Solution File, Format Version 12.00
# Visual Studio Version 17
VisualStudioVersion = 17.4.33205.214
MinimumVisualStudioVersion = 10.0.40219.1
Project("{FAE04EC0-301F-11D3-BF4B-00C04F79EFBC}") = "IPGeolocation模块", "IPGeolocation模块\IPGeolocation模块.csproj", "{2D58ACA4-972E-4529-9A31-5F458516AF35}"
EndProject
Project("{9A19103F-16F7-4668-BE54-9A1E7A4F7556}") = "通用工具模块", "..\..\通用工具模块\通用工具模块\通用工具模块.csproj", "{6CBD1B26-BB88-43CD-B570-3E990435D3E8}"
EndProject
Project("{9A19103F-16F7-4668-BE54-9A1E7A4F7556}") = "通用地理模块", "..\通用地理模块\通用地理模块\通用地理模块.csproj", "{97416B64-AFF0-4563-A0D9-11A1F724DE6F}"
EndProject
Global
	GlobalSection(SolutionConfigurationPlatforms) = preSolution
		Debug|Any CPU = Debug|Any CPU
		Release|Any CPU = Release|Any CPU
	EndGlobalSection
	GlobalSection(ProjectConfigurationPlatforms) = postSolution
		{2D58ACA4-972E-4529-9A31-5F458516AF35}.Debug|Any CPU.ActiveCfg = Debug|Any CPU
		{2D58ACA4-972E-4529-9A31-5F458516AF35}.Debug|Any CPU.Build.0 = Debug|Any CPU
		{2D58ACA4-972E-4529-9A31-5F458516AF35}.Release|Any CPU.ActiveCfg = Release|Any CPU
		{2D58ACA4-972E-4529-9A31-5F458516AF35}.Release|Any CPU.Build.0 = Release|Any CPU
		{6CBD1B26-BB88-43CD-B570-3E990435D3E8}.Debug|Any CPU.ActiveCfg = Debug|Any CPU
		{6CBD1B26-BB88-43CD-B570-3E990435D3E8}.Debug|Any CPU.Build.0 = Debug|Any CPU
		{6CBD1B26-BB88-43CD-B570-3E990435D3E8}.Release|Any CPU.ActiveCfg = Release|Any CPU
		{6CBD1B26-BB88-43CD-B570-3E990435D3E8}.Release|Any CPU.Build.0 = Release|Any CPU
		{97416B64-AFF0-4563-A0D9-11A1F724DE6F}.Debug|Any CPU.ActiveCfg = Debug|Any CPU
		{97416B64-AFF0-4563-A0D9-11A1F724DE6F}.Debug|Any CPU.Build.0 = Debug|Any CPU
		{97416B64-AFF0-4563-A0D9-11A1F724DE6F}.Release|Any CPU.ActiveCfg = Release|Any CPU
		{97416B64-AFF0-4563-A0D9-11A1F724DE6F}.Release|Any CPU.Build.0 = Release|Any CPU
	EndGlobalSection
	GlobalSection(SolutionProperties) = preSolution
		HideSolutionNode = FALSE
	EndGlobalSection
	GlobalSection(ExtensibilityGlobals) = postSolution
		SolutionGuid = {A3498D59-18B8-4045-930E-7ACDA19C4DB4}
	EndGlobalSection
EndGlobal
