
Microsoft Visual Studio Solution File, Format Version 12.00
# Visual Studio Version 16
VisualStudioVersion = 16.0.30523.141
MinimumVisualStudioVersion = 10.0.40219.1
Project("{9A19103F-16F7-4668-BE54-9A1E7A4F7556}") = "通用工具模块", "..\..\通用工具模块\通用工具模块\通用工具模块.csproj", "{58F07C6D-1896-4CC4-9872-4658EF7C6942}"
EndProject
Project("{9A19103F-16F7-4668-BE54-9A1E7A4F7556}") = "树形文档模型模块", "树形文档模型模块\树形文档模型模块.csproj", "{0C4C9A93-AF0F-41E4-9E12-00CA9AEBEC7C}"
EndProject
Global
	GlobalSection(SolutionConfigurationPlatforms) = preSolution
		Debug|Any CPU = Debug|Any CPU
		Release|Any CPU = Release|Any CPU
	EndGlobalSection
	GlobalSection(ProjectConfigurationPlatforms) = postSolution
		{58F07C6D-1896-4CC4-9872-4658EF7C6942}.Debug|Any CPU.ActiveCfg = Debug|Any CPU
		{58F07C6D-1896-4CC4-9872-4658EF7C6942}.Debug|Any CPU.Build.0 = Debug|Any CPU
		{58F07C6D-1896-4CC4-9872-4658EF7C6942}.Release|Any CPU.ActiveCfg = Release|Any CPU
		{58F07C6D-1896-4CC4-9872-4658EF7C6942}.Release|Any CPU.Build.0 = Release|Any CPU
		{0C4C9A93-AF0F-41E4-9E12-00CA9AEBEC7C}.Debug|Any CPU.ActiveCfg = Debug|Any CPU
		{0C4C9A93-AF0F-41E4-9E12-00CA9AEBEC7C}.Debug|Any CPU.Build.0 = Debug|Any CPU
		{0C4C9A93-AF0F-41E4-9E12-00CA9AEBEC7C}.Release|Any CPU.ActiveCfg = Release|Any CPU
		{0C4C9A93-AF0F-41E4-9E12-00CA9AEBEC7C}.Release|Any CPU.Build.0 = Release|Any CPU
	EndGlobalSection
	GlobalSection(SolutionProperties) = preSolution
		HideSolutionNode = FALSE
	EndGlobalSection
	GlobalSection(ExtensibilityGlobals) = postSolution
		SolutionGuid = {0C09D1C2-623D-41E5-933F-38F129324954}
	EndGlobalSection
EndGlobal
