
Microsoft Visual Studio Solution File, Format Version 12.00
# Visual Studio Version 17
VisualStudioVersion = 17.2.32602.215
MinimumVisualStudioVersion = 10.0.40219.1
Project("{FAE04EC0-301F-11D3-BF4B-00C04F79EFBC}") = "FluentFTP模块", "FluentFTP模块\FluentFTP模块.csproj", "{06BAF801-33CD-4453-B69F-7994F42CBC66}"
EndProject
Project("{9A19103F-16F7-4668-BE54-9A1E7A4F7556}") = "通用网络模块", "..\..\通用网络模块\通用网络模块\通用网络模块.csproj", "{2379BC24-D95D-42DD-8250-BEA525F5607E}"
EndProject
Project("{9A19103F-16F7-4668-BE54-9A1E7A4F7556}") = "底层交互模块", "..\..\..\关于硬件与操作系统\底层交互模块\底层交互模块\底层交互模块.csproj", "{C7127212-3618-4623-B53A-BAF2968A878E}"
EndProject
Project("{9A19103F-16F7-4668-BE54-9A1E7A4F7556}") = "通用数据模块", "..\..\..\关于数据\通用数据模块\通用数据模块\通用数据模块.csproj", "{84059513-DBD2-4FAA-99E9-1484DF36912E}"
EndProject
Project("{9A19103F-16F7-4668-BE54-9A1E7A4F7556}") = "数学工具模块", "..\..\..\关于数学\数学工具模块\数学工具模块\数学工具模块.csproj", "{773B0EA8-8785-46AF-A1F9-2EB218181F71}"
EndProject
Project("{9A19103F-16F7-4668-BE54-9A1E7A4F7556}") = "树形文档模型模块", "..\..\..\关于树形文档模型\树形文档模型模块\树形文档模型模块\树形文档模型模块.csproj", "{23885E26-7249-442E-86CC-FED3B92F5A62}"
EndProject
Project("{9A19103F-16F7-4668-BE54-9A1E7A4F7556}") = "通用安全模块", "..\..\..\关于安全\通用安全模块\通用安全模块\通用安全模块.csproj", "{AF23772F-4F90-4694-AF88-9F063590561E}"
EndProject
Project("{9A19103F-16F7-4668-BE54-9A1E7A4F7556}") = "编译和表达式树模块", "..\..\..\关于编译和表达式树\编译和表达式树模块\编译和表达式树模块\编译和表达式树模块.csproj", "{493C7774-0C79-40CE-B76E-2161B059839D}"
EndProject
Project("{9A19103F-16F7-4668-BE54-9A1E7A4F7556}") = "通用工具模块", "..\..\..\通用工具模块\通用工具模块\通用工具模块.csproj", "{1B906007-C393-4F9D-93BC-088E75B9FBD2}"
EndProject
Global
	GlobalSection(SolutionConfigurationPlatforms) = preSolution
		Debug|Any CPU = Debug|Any CPU
		Release|Any CPU = Release|Any CPU
	EndGlobalSection
	GlobalSection(ProjectConfigurationPlatforms) = postSolution
		{06BAF801-33CD-4453-B69F-7994F42CBC66}.Debug|Any CPU.ActiveCfg = Debug|Any CPU
		{06BAF801-33CD-4453-B69F-7994F42CBC66}.Debug|Any CPU.Build.0 = Debug|Any CPU
		{06BAF801-33CD-4453-B69F-7994F42CBC66}.Release|Any CPU.ActiveCfg = Release|Any CPU
		{06BAF801-33CD-4453-B69F-7994F42CBC66}.Release|Any CPU.Build.0 = Release|Any CPU
		{2379BC24-D95D-42DD-8250-BEA525F5607E}.Debug|Any CPU.ActiveCfg = Debug|Any CPU
		{2379BC24-D95D-42DD-8250-BEA525F5607E}.Debug|Any CPU.Build.0 = Debug|Any CPU
		{2379BC24-D95D-42DD-8250-BEA525F5607E}.Release|Any CPU.ActiveCfg = Release|Any CPU
		{2379BC24-D95D-42DD-8250-BEA525F5607E}.Release|Any CPU.Build.0 = Release|Any CPU
		{C7127212-3618-4623-B53A-BAF2968A878E}.Debug|Any CPU.ActiveCfg = Debug|Any CPU
		{C7127212-3618-4623-B53A-BAF2968A878E}.Debug|Any CPU.Build.0 = Debug|Any CPU
		{C7127212-3618-4623-B53A-BAF2968A878E}.Release|Any CPU.ActiveCfg = Release|Any CPU
		{C7127212-3618-4623-B53A-BAF2968A878E}.Release|Any CPU.Build.0 = Release|Any CPU
		{84059513-DBD2-4FAA-99E9-1484DF36912E}.Debug|Any CPU.ActiveCfg = Debug|Any CPU
		{84059513-DBD2-4FAA-99E9-1484DF36912E}.Debug|Any CPU.Build.0 = Debug|Any CPU
		{84059513-DBD2-4FAA-99E9-1484DF36912E}.Release|Any CPU.ActiveCfg = Release|Any CPU
		{84059513-DBD2-4FAA-99E9-1484DF36912E}.Release|Any CPU.Build.0 = Release|Any CPU
		{773B0EA8-8785-46AF-A1F9-2EB218181F71}.Debug|Any CPU.ActiveCfg = Debug|Any CPU
		{773B0EA8-8785-46AF-A1F9-2EB218181F71}.Debug|Any CPU.Build.0 = Debug|Any CPU
		{773B0EA8-8785-46AF-A1F9-2EB218181F71}.Release|Any CPU.ActiveCfg = Release|Any CPU
		{773B0EA8-8785-46AF-A1F9-2EB218181F71}.Release|Any CPU.Build.0 = Release|Any CPU
		{23885E26-7249-442E-86CC-FED3B92F5A62}.Debug|Any CPU.ActiveCfg = Debug|Any CPU
		{23885E26-7249-442E-86CC-FED3B92F5A62}.Debug|Any CPU.Build.0 = Debug|Any CPU
		{23885E26-7249-442E-86CC-FED3B92F5A62}.Release|Any CPU.ActiveCfg = Release|Any CPU
		{23885E26-7249-442E-86CC-FED3B92F5A62}.Release|Any CPU.Build.0 = Release|Any CPU
		{AF23772F-4F90-4694-AF88-9F063590561E}.Debug|Any CPU.ActiveCfg = Debug|Any CPU
		{AF23772F-4F90-4694-AF88-9F063590561E}.Debug|Any CPU.Build.0 = Debug|Any CPU
		{AF23772F-4F90-4694-AF88-9F063590561E}.Release|Any CPU.ActiveCfg = Release|Any CPU
		{AF23772F-4F90-4694-AF88-9F063590561E}.Release|Any CPU.Build.0 = Release|Any CPU
		{493C7774-0C79-40CE-B76E-2161B059839D}.Debug|Any CPU.ActiveCfg = Debug|Any CPU
		{493C7774-0C79-40CE-B76E-2161B059839D}.Debug|Any CPU.Build.0 = Debug|Any CPU
		{493C7774-0C79-40CE-B76E-2161B059839D}.Release|Any CPU.ActiveCfg = Release|Any CPU
		{493C7774-0C79-40CE-B76E-2161B059839D}.Release|Any CPU.Build.0 = Release|Any CPU
		{1B906007-C393-4F9D-93BC-088E75B9FBD2}.Debug|Any CPU.ActiveCfg = Debug|Any CPU
		{1B906007-C393-4F9D-93BC-088E75B9FBD2}.Debug|Any CPU.Build.0 = Debug|Any CPU
		{1B906007-C393-4F9D-93BC-088E75B9FBD2}.Release|Any CPU.ActiveCfg = Release|Any CPU
		{1B906007-C393-4F9D-93BC-088E75B9FBD2}.Release|Any CPU.Build.0 = Release|Any CPU
	EndGlobalSection
	GlobalSection(SolutionProperties) = preSolution
		HideSolutionNode = FALSE
	EndGlobalSection
	GlobalSection(ExtensibilityGlobals) = postSolution
		SolutionGuid = {907ECF50-80A3-43ED-94C0-4DF62F18F1D9}
	EndGlobalSection
EndGlobal
