
Microsoft Visual Studio Solution File, Format Version 12.00
# Visual Studio 15
VisualStudioVersion = 15.0.27428.2011
MinimumVisualStudioVersion = 10.0.40219.1
Project("{9A19103F-16F7-4668-BE54-9A1E7A4F7556}") = "通用工具模块", "通用工具模块\通用工具模块.csproj", "{25D875EF-D5FC-4F4C-8C6F-D0C190A01D48}"
EndProject
Global
	GlobalSection(SolutionConfigurationPlatforms) = preSolution
		Debug|Any CPU = Debug|Any CPU
		Release|Any CPU = Release|Any CPU
	EndGlobalSection
	GlobalSection(ProjectConfigurationPlatforms) = postSolution
		{25D875EF-D5FC-4F4C-8C6F-D0C190A01D48}.Debug|Any CPU.ActiveCfg = Debug|Any CPU
		{25D875EF-D5FC-4F4C-8C6F-D0C190A01D48}.Debug|Any CPU.Build.0 = Debug|Any CPU
		{25D875EF-D5FC-4F4C-8C6F-D0C190A01D48}.Release|Any CPU.ActiveCfg = Release|Any CPU
		{25D875EF-D5FC-4F4C-8C6F-D0C190A01D48}.Release|Any CPU.Build.0 = Release|Any CPU
	EndGlobalSection
	GlobalSection(SolutionProperties) = preSolution
		HideSolutionNode = FALSE
	EndGlobalSection
	GlobalSection(ExtensibilityGlobals) = postSolution
		SolutionGuid = {DB064AA5-903F-4272-A6E3-5BE7FA74CD62}
	EndGlobalSection
EndGlobal
