
Microsoft Visual Studio Solution File, Format Version 12.00
# Visual Studio Version 17
VisualStudioVersion = 17.3.32825.248
MinimumVisualStudioVersion = 10.0.40219.1
Project("{FAE04EC0-301F-11D3-BF4B-00C04F79EFBC}") = "通用地理模块", "通用地理模块\通用地理模块.csproj", "{1C244595-A318-4C9C-AE16-7A46904489B2}"
EndProject
Project("{9A19103F-16F7-4668-BE54-9A1E7A4F7556}") = "通用工具模块", "..\..\通用工具模块\通用工具模块\通用工具模块.csproj", "{AEA39571-999C-4F78-B70C-E632FD227F5B}"
EndProject
Global
	GlobalSection(SolutionConfigurationPlatforms) = preSolution
		Debug|Any CPU = Debug|Any CPU
		Release|Any CPU = Release|Any CPU
	EndGlobalSection
	GlobalSection(ProjectConfigurationPlatforms) = postSolution
		{1C244595-A318-4C9C-AE16-7A46904489B2}.Debug|Any CPU.ActiveCfg = Debug|Any CPU
		{1C244595-A318-4C9C-AE16-7A46904489B2}.Debug|Any CPU.Build.0 = Debug|Any CPU
		{1C244595-A318-4C9C-AE16-7A46904489B2}.Release|Any CPU.ActiveCfg = Release|Any CPU
		{1C244595-A318-4C9C-AE16-7A46904489B2}.Release|Any CPU.Build.0 = Release|Any CPU
		{AEA39571-999C-4F78-B70C-E632FD227F5B}.Debug|Any CPU.ActiveCfg = Debug|Any CPU
		{AEA39571-999C-4F78-B70C-E632FD227F5B}.Debug|Any CPU.Build.0 = Debug|Any CPU
		{AEA39571-999C-4F78-B70C-E632FD227F5B}.Release|Any CPU.ActiveCfg = Release|Any CPU
		{AEA39571-999C-4F78-B70C-E632FD227F5B}.Release|Any CPU.Build.0 = Release|Any CPU
	EndGlobalSection
	GlobalSection(SolutionProperties) = preSolution
		HideSolutionNode = FALSE
	EndGlobalSection
	GlobalSection(ExtensibilityGlobals) = postSolution
		SolutionGuid = {6342854E-EFA1-4802-BEF3-F3361299AB17}
	EndGlobalSection
EndGlobal
