
Microsoft Visual Studio Solution File, Format Version 12.00
# Visual Studio Version 17
VisualStudioVersion = 17.10.35013.160
MinimumVisualStudioVersion = 10.0.40219.1
Project("{FAE04EC0-301F-11D3-BF4B-00C04F79EFBC}") = "ILovePDF模块", "ILovePDF模块\ILovePDF模块.csproj", "{9FFD8EFE-92D0-4BD8-A7F6-38EC84BA273F}"
EndProject
Project("{9A19103F-16F7-4668-BE54-9A1E7A4F7556}") = "通用工具模块", "..\..\..\通用工具模块\通用工具模块\通用工具模块.csproj", "{327FA8C0-9B18-484A-8FEB-23E69A39CF77}"
EndProject
Global
	GlobalSection(SolutionConfigurationPlatforms) = preSolution
		Debug|Any CPU = Debug|Any CPU
		Release|Any CPU = Release|Any CPU
	EndGlobalSection
	GlobalSection(ProjectConfigurationPlatforms) = postSolution
		{9FFD8EFE-92D0-4BD8-A7F6-38EC84BA273F}.Debug|Any CPU.ActiveCfg = Debug|Any CPU
		{9FFD8EFE-92D0-4BD8-A7F6-38EC84BA273F}.Debug|Any CPU.Build.0 = Debug|Any CPU
		{9FFD8EFE-92D0-4BD8-A7F6-38EC84BA273F}.Release|Any CPU.ActiveCfg = Release|Any CPU
		{9FFD8EFE-92D0-4BD8-A7F6-38EC84BA273F}.Release|Any CPU.Build.0 = Release|Any CPU
		{327FA8C0-9B18-484A-8FEB-23E69A39CF77}.Debug|Any CPU.ActiveCfg = Debug|Any CPU
		{327FA8C0-9B18-484A-8FEB-23E69A39CF77}.Debug|Any CPU.Build.0 = Debug|Any CPU
		{327FA8C0-9B18-484A-8FEB-23E69A39CF77}.Release|Any CPU.ActiveCfg = Release|Any CPU
		{327FA8C0-9B18-484A-8FEB-23E69A39CF77}.Release|Any CPU.Build.0 = Release|Any CPU
	EndGlobalSection
	GlobalSection(SolutionProperties) = preSolution
		HideSolutionNode = FALSE
	EndGlobalSection
	GlobalSection(ExtensibilityGlobals) = postSolution
		SolutionGuid = {C4924851-05F2-4987-A92D-C4E1AB654C19}
	EndGlobalSection
EndGlobal
